
Microsoft Visual Studio Solution File, Format Version 12.00
# Visual Studio Version 16
VisualStudioVersion = 16.0.29806.167
MinimumVisualStudioVersion = 10.0.40219.1
Project("{FAE04EC0-301F-11D3-BF4B-00C04F79EFBC}") = "ClassLibrary1", "ClassLibrary1.csproj", "{0753B08E-4743-4BCD-B412-D6B82C779C5A}"
EndProject
Global
	GlobalSection(SolutionConfigurationPlatforms) = preSolution
		Debug|Any CPU = Debug|Any CPU
		Release|Any CPU = Release|Any CPU
	EndGlobalSection
	GlobalSection(ProjectConfigurationPlatforms) = postSolution
		{0753B08E-4743-4BCD-B412-D6B82C779C5A}.Debug|Any CPU.ActiveCfg = Debug|Any CPU
		{0753B08E-4743-4BCD-B412-D6B82C779C5A}.Debug|Any CPU.Build.0 = Debug|Any CPU
		{0753B08E-4743-4BCD-B412-D6B82C779C5A}.Release|Any CPU.ActiveCfg = Release|Any CPU
		{0753B08E-4743-4BCD-B412-D6B82C779C5A}.Release|Any CPU.Build.0 = Release|Any CPU
	EndGlobalSection
	GlobalSection(SolutionProperties) = preSolution
		HideSolutionNode = FALSE
	EndGlobalSection
	GlobalSection(ExtensibilityGlobals) = postSolution
		SolutionGuid = {0E765EE5-6EB8-4D39-9C32-81D17A1D65BA}
	EndGlobalSection
EndGlobal
