
Microsoft Visual Studio Solution File, Format Version 12.00
# Visual Studio Version 16
VisualStudioVersion = 16.0.29806.167
MinimumVisualStudioVersion = 10.0.40219.1
Project("{FAE04EC0-301F-11D3-BF4B-00C04F79EFBC}") = "ClassLibraryProject", "ClassLibraryProject.csproj", "{4E9F8933-6F7D-48CF-B3E9-86EE831A70E7}"
EndProject
Project("{FAE04EC0-301F-11D3-BF4B-00C04F79EFBC}") = "WindowsFormsApp", "..\WindowsFormsApp\WindowsFormsApp.csproj", "{92FE9F0A-E298-4BF5-B3CA-7545B8629B42}"
EndProject
Project("{FAE04EC0-301F-11D3-BF4B-00C04F79EFBC}") = "ObjectWCF", "..\ObjectWCF\ObjectWCF.csproj", "{9D748914-5080-449F-8F79-EFF549B6F18B}"
EndProject
Project("{FAE04EC0-301F-11D3-BF4B-00C04F79EFBC}") = "HostWCF", "..\HostWCF\HostWCF.csproj", "{DF7EA365-2676-41C9-97E8-D77DDA34EE43}"
EndProject
Project("{9A19103F-16F7-4668-BE54-9A1E7A4F7556}") = "WebApplication1", "..\WebApplication1\WebApplication1.csproj", "{BEE0BAD8-6B9E-4C17-BA38-AC7C1B0E7C9B}"
EndProject
Global
	GlobalSection(SolutionConfigurationPlatforms) = preSolution
		Debug|Any CPU = Debug|Any CPU
		Release|Any CPU = Release|Any CPU
	EndGlobalSection
	GlobalSection(ProjectConfigurationPlatforms) = postSolution
		{4E9F8933-6F7D-48CF-B3E9-86EE831A70E7}.Debug|Any CPU.ActiveCfg = Debug|Any CPU
		{4E9F8933-6F7D-48CF-B3E9-86EE831A70E7}.Debug|Any CPU.Build.0 = Debug|Any CPU
		{4E9F8933-6F7D-48CF-B3E9-86EE831A70E7}.Release|Any CPU.ActiveCfg = Release|Any CPU
		{4E9F8933-6F7D-48CF-B3E9-86EE831A70E7}.Release|Any CPU.Build.0 = Release|Any CPU
		{92FE9F0A-E298-4BF5-B3CA-7545B8629B42}.Debug|Any CPU.ActiveCfg = Debug|Any CPU
		{92FE9F0A-E298-4BF5-B3CA-7545B8629B42}.Debug|Any CPU.Build.0 = Debug|Any CPU
		{92FE9F0A-E298-4BF5-B3CA-7545B8629B42}.Release|Any CPU.ActiveCfg = Release|Any CPU
		{92FE9F0A-E298-4BF5-B3CA-7545B8629B42}.Release|Any CPU.Build.0 = Release|Any CPU
		{9D748914-5080-449F-8F79-EFF549B6F18B}.Debug|Any CPU.ActiveCfg = Debug|Any CPU
		{9D748914-5080-449F-8F79-EFF549B6F18B}.Debug|Any CPU.Build.0 = Debug|Any CPU
		{9D748914-5080-449F-8F79-EFF549B6F18B}.Release|Any CPU.ActiveCfg = Release|Any CPU
		{9D748914-5080-449F-8F79-EFF549B6F18B}.Release|Any CPU.Build.0 = Release|Any CPU
		{DF7EA365-2676-41C9-97E8-D77DDA34EE43}.Debug|Any CPU.ActiveCfg = Debug|Any CPU
		{DF7EA365-2676-41C9-97E8-D77DDA34EE43}.Debug|Any CPU.Build.0 = Debug|Any CPU
		{DF7EA365-2676-41C9-97E8-D77DDA34EE43}.Release|Any CPU.ActiveCfg = Release|Any CPU
		{DF7EA365-2676-41C9-97E8-D77DDA34EE43}.Release|Any CPU.Build.0 = Release|Any CPU
		{BEE0BAD8-6B9E-4C17-BA38-AC7C1B0E7C9B}.Debug|Any CPU.ActiveCfg = Debug|Any CPU
		{BEE0BAD8-6B9E-4C17-BA38-AC7C1B0E7C9B}.Debug|Any CPU.Build.0 = Debug|Any CPU
		{BEE0BAD8-6B9E-4C17-BA38-AC7C1B0E7C9B}.Release|Any CPU.ActiveCfg = Release|Any CPU
		{BEE0BAD8-6B9E-4C17-BA38-AC7C1B0E7C9B}.Release|Any CPU.Build.0 = Release|Any CPU
	EndGlobalSection
	GlobalSection(SolutionProperties) = preSolution
		HideSolutionNode = FALSE
	EndGlobalSection
	GlobalSection(ExtensibilityGlobals) = postSolution
		SolutionGuid = {5ED4998D-8B8B-4025-979D-D0C7C59CCB14}
	EndGlobalSection
EndGlobal
