
Microsoft Visual Studio Solution File, Format Version 12.00
# Visual Studio Version 16
VisualStudioVersion = 16.0.30011.22
MinimumVisualStudioVersion = 10.0.40219.1
Project("{FAE04EC0-301F-11D3-BF4B-00C04F79EFBC}") = "Asp_Rauleac_Robert_Rp", "Asp_Rauleac_Robert_Rp.csproj", "{EABCF5A1-588E-4D60-82FF-11DEB6C748FD}"
EndProject
Global
	GlobalSection(SolutionConfigurationPlatforms) = preSolution
		Debug|Any CPU = Debug|Any CPU
		Release|Any CPU = Release|Any CPU
	EndGlobalSection
	GlobalSection(ProjectConfigurationPlatforms) = postSolution
		{EABCF5A1-588E-4D60-82FF-11DEB6C748FD}.Debug|Any CPU.ActiveCfg = Debug|Any CPU
		{EABCF5A1-588E-4D60-82FF-11DEB6C748FD}.Debug|Any CPU.Build.0 = Debug|Any CPU
		{EABCF5A1-588E-4D60-82FF-11DEB6C748FD}.Release|Any CPU.ActiveCfg = Release|Any CPU
		{EABCF5A1-588E-4D60-82FF-11DEB6C748FD}.Release|Any CPU.Build.0 = Release|Any CPU
	EndGlobalSection
	GlobalSection(SolutionProperties) = preSolution
		HideSolutionNode = FALSE
	EndGlobalSection
	GlobalSection(ExtensibilityGlobals) = postSolution
		SolutionGuid = {306608CC-9C9C-4F6F-B83C-7D843E59922C}
	EndGlobalSection
EndGlobal
